
Microsoft Visual Studio Solution File, Format Version 12.00
# Visual Studio Version 17
VisualStudioVersion = 17.10.34928.147
MinimumVisualStudioVersion = 10.0.40219.1
Project("{9A19103F-16F7-4668-BE54-9A1E7A4F7556}") = "ServerlessWebApp", "ServerlessWebApp\ServerlessWebApp.csproj", "{B82C2013-DC27-4DBB-AA06-5682EF008363}"
EndProject
Project("{9A19103F-16F7-4668-BE54-9A1E7A4F7556}") = "Infrastructure", "Infrastructure\src\Infrastructure\Infrastructure.csproj", "{CB6EC9AA-8254-44F0-90E1-4F85FC3E72B7}"
EndProject
Project("{FAE04EC0-301F-11D3-BF4B-00C04F79EFBC}") = "AwsLamdafunctions", "AwsLamdafunctions\src\AwsLamdafunctions\AwsLamdafunctions.csproj", "{2E0580B6-DEF1-4824-BC9E-2509C849F3EF}"
EndProject
Global
	GlobalSection(SolutionConfigurationPlatforms) = preSolution
		Debug|Any CPU = Debug|Any CPU
		Release|Any CPU = Release|Any CPU
	EndGlobalSection
	GlobalSection(ProjectConfigurationPlatforms) = postSolution
		{B82C2013-DC27-4DBB-AA06-5682EF008363}.Debug|Any CPU.ActiveCfg = Debug|Any CPU
		{B82C2013-DC27-4DBB-AA06-5682EF008363}.Debug|Any CPU.Build.0 = Debug|Any CPU
		{B82C2013-DC27-4DBB-AA06-5682EF008363}.Release|Any CPU.ActiveCfg = Release|Any CPU
		{B82C2013-DC27-4DBB-AA06-5682EF008363}.Release|Any CPU.Build.0 = Release|Any CPU
		{CB6EC9AA-8254-44F0-90E1-4F85FC3E72B7}.Debug|Any CPU.ActiveCfg = Debug|Any CPU
		{CB6EC9AA-8254-44F0-90E1-4F85FC3E72B7}.Debug|Any CPU.Build.0 = Debug|Any CPU
		{CB6EC9AA-8254-44F0-90E1-4F85FC3E72B7}.Release|Any CPU.ActiveCfg = Release|Any CPU
		{CB6EC9AA-8254-44F0-90E1-4F85FC3E72B7}.Release|Any CPU.Build.0 = Release|Any CPU
		{2E0580B6-DEF1-4824-BC9E-2509C849F3EF}.Debug|Any CPU.ActiveCfg = Debug|Any CPU
		{2E0580B6-DEF1-4824-BC9E-2509C849F3EF}.Debug|Any CPU.Build.0 = Debug|Any CPU
		{2E0580B6-DEF1-4824-BC9E-2509C849F3EF}.Release|Any CPU.ActiveCfg = Release|Any CPU
		{2E0580B6-DEF1-4824-BC9E-2509C849F3EF}.Release|Any CPU.Build.0 = Release|Any CPU
	EndGlobalSection
	GlobalSection(SolutionProperties) = preSolution
		HideSolutionNode = FALSE
	EndGlobalSection
	GlobalSection(ExtensibilityGlobals) = postSolution
		SolutionGuid = {EB4B2E3A-AB0D-4E90-8578-F54A12975FC9}
	EndGlobalSection
EndGlobal
